
Microsoft Visual Studio Solution File, Format Version 12.00
# Visual Studio 15
VisualStudioVersion = 15.0.28307.902
MinimumVisualStudioVersion = 10.0.40219.1
Project("{FAE04EC0-301F-11D3-BF4B-00C04F79EFBC}") = "P1 - Uslovi odlucivanja", "P1 - Uslovi odlucivanja\P1 - Uslovi odlucivanja.csproj", "{8615154E-B098-42B2-9478-2630B8502AC7}"
EndProject
Project("{FAE04EC0-301F-11D3-BF4B-00C04F79EFBC}") = "P2 - Petlje", "P2 - Petlje\P2 - Petlje.csproj", "{48075CC9-A9B9-470F-8DA7-973D86E70C1F}"
EndProject
Project("{FAE04EC0-301F-11D3-BF4B-00C04F79EFBC}") = "P3 - Nizovi", "P3 - Nizovi\P3 - Nizovi.csproj", "{3C2224C6-8FC4-43F3-B2DA-101BDD7184C0}"
EndProject
Project("{FAE04EC0-301F-11D3-BF4B-00C04F79EFBC}") = "P4 - Stringovi", "P4 - Stringovi\P4 - Stringovi.csproj", "{E1C9DFDA-2795-4761-8D75-2133C23AECFF}"
EndProject
Project("{FAE04EC0-301F-11D3-BF4B-00C04F79EFBC}") = "P5 - Enumeracije", "P5 - Enumeracije\P5 - Enumeracije.csproj", "{2840106C-661C-49B3-AD4D-0C656D828E58}"
EndProject
Global
	GlobalSection(SolutionConfigurationPlatforms) = preSolution
		Debug|Any CPU = Debug|Any CPU
		Release|Any CPU = Release|Any CPU
	EndGlobalSection
	GlobalSection(ProjectConfigurationPlatforms) = postSolution
		{8615154E-B098-42B2-9478-2630B8502AC7}.Debug|Any CPU.ActiveCfg = Debug|Any CPU
		{8615154E-B098-42B2-9478-2630B8502AC7}.Debug|Any CPU.Build.0 = Debug|Any CPU
		{8615154E-B098-42B2-9478-2630B8502AC7}.Release|Any CPU.ActiveCfg = Release|Any CPU
		{8615154E-B098-42B2-9478-2630B8502AC7}.Release|Any CPU.Build.0 = Release|Any CPU
		{48075CC9-A9B9-470F-8DA7-973D86E70C1F}.Debug|Any CPU.ActiveCfg = Debug|Any CPU
		{48075CC9-A9B9-470F-8DA7-973D86E70C1F}.Debug|Any CPU.Build.0 = Debug|Any CPU
		{48075CC9-A9B9-470F-8DA7-973D86E70C1F}.Release|Any CPU.ActiveCfg = Release|Any CPU
		{48075CC9-A9B9-470F-8DA7-973D86E70C1F}.Release|Any CPU.Build.0 = Release|Any CPU
		{3C2224C6-8FC4-43F3-B2DA-101BDD7184C0}.Debug|Any CPU.ActiveCfg = Debug|Any CPU
		{3C2224C6-8FC4-43F3-B2DA-101BDD7184C0}.Debug|Any CPU.Build.0 = Debug|Any CPU
		{3C2224C6-8FC4-43F3-B2DA-101BDD7184C0}.Release|Any CPU.ActiveCfg = Release|Any CPU
		{3C2224C6-8FC4-43F3-B2DA-101BDD7184C0}.Release|Any CPU.Build.0 = Release|Any CPU
		{E1C9DFDA-2795-4761-8D75-2133C23AECFF}.Debug|Any CPU.ActiveCfg = Debug|Any CPU
		{E1C9DFDA-2795-4761-8D75-2133C23AECFF}.Debug|Any CPU.Build.0 = Debug|Any CPU
		{E1C9DFDA-2795-4761-8D75-2133C23AECFF}.Release|Any CPU.ActiveCfg = Release|Any CPU
		{E1C9DFDA-2795-4761-8D75-2133C23AECFF}.Release|Any CPU.Build.0 = Release|Any CPU
		{2840106C-661C-49B3-AD4D-0C656D828E58}.Debug|Any CPU.ActiveCfg = Debug|Any CPU
		{2840106C-661C-49B3-AD4D-0C656D828E58}.Debug|Any CPU.Build.0 = Debug|Any CPU
		{2840106C-661C-49B3-AD4D-0C656D828E58}.Release|Any CPU.ActiveCfg = Release|Any CPU
		{2840106C-661C-49B3-AD4D-0C656D828E58}.Release|Any CPU.Build.0 = Release|Any CPU
	EndGlobalSection
	GlobalSection(SolutionProperties) = preSolution
		HideSolutionNode = FALSE
	EndGlobalSection
	GlobalSection(ExtensibilityGlobals) = postSolution
		SolutionGuid = {71DD1145-306A-42F7-90F7-B0D348FB1417}
	EndGlobalSection
EndGlobal
