
Microsoft Visual Studio Solution File, Format Version 12.00
# Visual Studio Version 16
VisualStudioVersion = 16.0.31729.503
MinimumVisualStudioVersion = 10.0.40219.1
Project("{FAE04EC0-301F-11D3-BF4B-00C04F79EFBC}") = "Cas4-Zadaci", "Cas4-Zadaci\Cas4-Zadaci.csproj", "{11EB1EC3-3454-4730-87D2-625084310EDA}"
EndProject
Global
	GlobalSection(SolutionConfigurationPlatforms) = preSolution
		Debug|Any CPU = Debug|Any CPU
		Release|Any CPU = Release|Any CPU
	EndGlobalSection
	GlobalSection(ProjectConfigurationPlatforms) = postSolution
		{11EB1EC3-3454-4730-87D2-625084310EDA}.Debug|Any CPU.ActiveCfg = Debug|Any CPU
		{11EB1EC3-3454-4730-87D2-625084310EDA}.Debug|Any CPU.Build.0 = Debug|Any CPU
		{11EB1EC3-3454-4730-87D2-625084310EDA}.Release|Any CPU.ActiveCfg = Release|Any CPU
		{11EB1EC3-3454-4730-87D2-625084310EDA}.Release|Any CPU.Build.0 = Release|Any CPU
	EndGlobalSection
	GlobalSection(SolutionProperties) = preSolution
		HideSolutionNode = FALSE
	EndGlobalSection
	GlobalSection(ExtensibilityGlobals) = postSolution
		SolutionGuid = {F2C232B2-B3B3-4697-A635-720D5F66E0EE}
	EndGlobalSection
EndGlobal
