
Microsoft Visual Studio Solution File, Format Version 12.00
# Visual Studio Version 17
VisualStudioVersion = 17.2.32526.322
MinimumVisualStudioVersion = 10.0.40219.1
Project("{FAE04EC0-301F-11D3-BF4B-00C04F79EFBC}") = "Arheolog", "Arheolog\Arheolog.csproj", "{C06F36EA-F7ED-4D7F-A8A0-2E111E63CFF3}"
EndProject
Global
	GlobalSection(SolutionConfigurationPlatforms) = preSolution
		Debug|Any CPU = Debug|Any CPU
		Release|Any CPU = Release|Any CPU
	EndGlobalSection
	GlobalSection(ProjectConfigurationPlatforms) = postSolution
		{C06F36EA-F7ED-4D7F-A8A0-2E111E63CFF3}.Debug|Any CPU.ActiveCfg = Debug|Any CPU
		{C06F36EA-F7ED-4D7F-A8A0-2E111E63CFF3}.Debug|Any CPU.Build.0 = Debug|Any CPU
		{C06F36EA-F7ED-4D7F-A8A0-2E111E63CFF3}.Release|Any CPU.ActiveCfg = Release|Any CPU
		{C06F36EA-F7ED-4D7F-A8A0-2E111E63CFF3}.Release|Any CPU.Build.0 = Release|Any CPU
	EndGlobalSection
	GlobalSection(SolutionProperties) = preSolution
		HideSolutionNode = FALSE
	EndGlobalSection
	GlobalSection(ExtensibilityGlobals) = postSolution
		SolutionGuid = {ADC21DE9-392D-467E-A085-274AECA5CDC2}
	EndGlobalSection
EndGlobal
