
Microsoft Visual Studio Solution File, Format Version 12.00
# Visual Studio Version 16
VisualStudioVersion = 16.0.30611.23
MinimumVisualStudioVersion = 10.0.40219.1
Project("{FAE04EC0-301F-11D3-BF4B-00C04F79EFBC}") = "Zadatak1", "Zadatak1\Zadatak1.csproj", "{0B35317B-AD8C-4BA2-ABBB-48E231DEC7E1}"
EndProject
Project("{FAE04EC0-301F-11D3-BF4B-00C04F79EFBC}") = "Zadatak2", "Zadatak2\Zadatak2.csproj", "{A3891336-DCE2-4F51-AE41-4C22914723A4}"
EndProject
Global
	GlobalSection(SolutionConfigurationPlatforms) = preSolution
		Debug|Any CPU = Debug|Any CPU
		Release|Any CPU = Release|Any CPU
	EndGlobalSection
	GlobalSection(ProjectConfigurationPlatforms) = postSolution
		{0B35317B-AD8C-4BA2-ABBB-48E231DEC7E1}.Debug|Any CPU.ActiveCfg = Debug|Any CPU
		{0B35317B-AD8C-4BA2-ABBB-48E231DEC7E1}.Debug|Any CPU.Build.0 = Debug|Any CPU
		{0B35317B-AD8C-4BA2-ABBB-48E231DEC7E1}.Release|Any CPU.ActiveCfg = Release|Any CPU
		{0B35317B-AD8C-4BA2-ABBB-48E231DEC7E1}.Release|Any CPU.Build.0 = Release|Any CPU
		{A3891336-DCE2-4F51-AE41-4C22914723A4}.Debug|Any CPU.ActiveCfg = Debug|Any CPU
		{A3891336-DCE2-4F51-AE41-4C22914723A4}.Debug|Any CPU.Build.0 = Debug|Any CPU
		{A3891336-DCE2-4F51-AE41-4C22914723A4}.Release|Any CPU.ActiveCfg = Release|Any CPU
		{A3891336-DCE2-4F51-AE41-4C22914723A4}.Release|Any CPU.Build.0 = Release|Any CPU
	EndGlobalSection
	GlobalSection(SolutionProperties) = preSolution
		HideSolutionNode = FALSE
	EndGlobalSection
	GlobalSection(ExtensibilityGlobals) = postSolution
		SolutionGuid = {40922124-6914-476A-8558-58C8AEB5967F}
	EndGlobalSection
EndGlobal
